// !$*UTF8*$!
{
	archiveVersion = 1;
	classes = {
	};
	objectVersion = 46;
	objects = {

/* Begin PBXBuildFile section */
		A773FCA01CA0C07E00831EF9 /* Info.plist in Resources */ = {isa = PBXBuildFile; fileRef = A773FC9F1CA0C07E00831EF9 /* Info.plist */; };
		A7A83F311CA0BA99001C1269 /* Main.storyboard in Resources */ = {isa = PBXBuildFile; fileRef = A7A83F291CA0BA99001C1269 /* Main.storyboard */; };
		A7A83F361CA0BAE9001C1269 /* Images.xcassets in Resources */ = {isa = PBXBuildFile; fileRef = A7A83F351CA0BAE9001C1269 /* Images.xcassets */; };
		A7A83F391CA0BAFB001C1269 /* beeps.mp3 in Resources */ = {isa = PBXBuildFile; fileRef = A7A83F381CA0BAFB001C1269 /* beeps.mp3 */; };
		A7A83F3B1CA0BB5F001C1269 /* LaunchScreen.xib in Resources */ = {isa = PBXBuildFile; fileRef = A7A83F3A1CA0BB5F001C1269 /* LaunchScreen.xib */; };
		A7A83F421CA0BC0A001C1269 /* AppDelegate.swift in Sources */ = {isa = PBXBuildFile; fileRef = A7A83F3D1CA0BC0A001C1269 /* AppDelegate.swift */; };
		A7A83F431CA0BC0A001C1269 /* ViewController.swift in Sources */ = {isa = PBXBuildFile; fileRef = A7A83F411CA0BC0A001C1269 /* ViewController.swift */; };
		A7A83F491CA0BDDA001C1269 /* WASWhatsAppUtil.swift in Sources */ = {isa = PBXBuildFile; fileRef = A7A83F481CA0BDDA001C1269 /* WASWhatsAppUtil.swift */; };
/* End PBXBuildFile section */

/* Begin PBXFileReference section */
		A773FC9F1CA0C07E00831EF9 /* Info.plist */ = {isa = PBXFileReference; fileEncoding = 4; lastKnownFileType = text.plist.xml; path = Info.plist; sourceTree = "<group>"; };
		A77B67BA1CA0B9CE00EEC016 /* SharingWhatsApp.app */ = {isa = PBXFileReference; explicitFileType = wrapper.application; includeInIndex = 0; path = SharingWhatsApp.app; sourceTree = BUILT_PRODUCTS_DIR; };
		A7A83F291CA0BA99001C1269 /* Main.storyboard */ = {isa = PBXFileReference; fileEncoding = 4; lastKnownFileType = file.storyboard; path = Main.storyboard; sourceTree = "<group>"; };
		A7A83F351CA0BAE9001C1269 /* Images.xcassets */ = {isa = PBXFileReference; lastKnownFileType = folder.assetcatalog; name = Images.xcassets; path = ../../Resources/Images.xcassets; sourceTree = "<group>"; };
		A7A83F381CA0BAFB001C1269 /* beeps.mp3 */ = {isa = PBXFileReference; lastKnownFileType = audio.mp3; path = beeps.mp3; sourceTree = "<group>"; };
		A7A83F3A1CA0BB5F001C1269 /* LaunchScreen.xib */ = {isa = PBXFileReference; fileEncoding = 4; lastKnownFileType = file.xib; name = LaunchScreen.xib; path = ../../../Resources/Interfaces/LaunchScreen.xib; sourceTree = "<group>"; };
		A7A83F3D1CA0BC0A001C1269 /* AppDelegate.swift */ = {isa = PBXFileReference; fileEncoding = 4; lastKnownFileType = sourcecode.swift; path = AppDelegate.swift; sourceTree = "<group>"; };
		A7A83F411CA0BC0A001C1269 /* ViewController.swift */ = {isa = PBXFileReference; fileEncoding = 4; lastKnownFileType = sourcecode.swift; path = ViewController.swift; sourceTree = "<group>"; };
		A7A83F481CA0BDDA001C1269 /* WASWhatsAppUtil.swift */ = {isa = PBXFileReference; fileEncoding = 4; lastKnownFileType = sourcecode.swift; name = WASWhatsAppUtil.swift; path = Class/WASWhatsAppUtil.swift; sourceTree = SOURCE_ROOT; };
/* End PBXFileReference section */

/* Begin PBXFrameworksBuildPhase section */
		A77B67B71CA0B9CE00EEC016 /* Frameworks */ = {
			isa = PBXFrameworksBuildPhase;
			buildActionMask = 2147483647;
			files = (
			);
			runOnlyForDeploymentPostprocessing = 0;
		};
/* End PBXFrameworksBuildPhase section */

/* Begin PBXGroup section */
		A773FC9E1CA0C07E00831EF9 /* Supporting Files */ = {
			isa = PBXGroup;
			children = (
				A773FC9F1CA0C07E00831EF9 /* Info.plist */,
			);
			name = "Supporting Files";
			path = "../../Resources/Supporting Files";
			sourceTree = "<group>";
		};
		A77B67B11CA0B9CE00EEC016 = {
			isa = PBXGroup;
			children = (
				A77B67BC1CA0B9CE00EEC016 /* SharingWhatsApp */,
				A77B67BB1CA0B9CE00EEC016 /* Products */,
			);
			sourceTree = "<group>";
		};
		A77B67BB1CA0B9CE00EEC016 /* Products */ = {
			isa = PBXGroup;
			children = (
				A77B67BA1CA0B9CE00EEC016 /* SharingWhatsApp.app */,
			);
			name = Products;
			sourceTree = "<group>";
		};
		A77B67BC1CA0B9CE00EEC016 /* SharingWhatsApp */ = {
			isa = PBXGroup;
			children = (
				A7A83F471CA0BDAC001C1269 /* Class */,
				A7A83F251CA0BA99001C1269 /* Resources */,
				A7A83F3C1CA0BC0A001C1269 /* Sources */,
			);
			path = SharingWhatsApp;
			sourceTree = "<group>";
		};
		A7A83F251CA0BA99001C1269 /* Resources */ = {
			isa = PBXGroup;
			children = (
				A773FC9E1CA0C07E00831EF9 /* Supporting Files */,
				A7A83F371CA0BAFB001C1269 /* Files */,
				A7A83F351CA0BAE9001C1269 /* Images.xcassets */,
				A7A83F271CA0BA99001C1269 /* Interfaces */,
			);
			path = Resources;
			sourceTree = SOURCE_ROOT;
		};
		A7A83F271CA0BA99001C1269 /* Interfaces */ = {
			isa = PBXGroup;
			children = (
				A7A83F3A1CA0BB5F001C1269 /* LaunchScreen.xib */,
				A7A83F291CA0BA99001C1269 /* Main.storyboard */,
			);
			path = Interfaces;
			sourceTree = "<group>";
		};
		A7A83F371CA0BAFB001C1269 /* Files */ = {
			isa = PBXGroup;
			children = (
				A7A83F381CA0BAFB001C1269 /* beeps.mp3 */,
			);
			name = Files;
			path = ../../Resources/Files;
			sourceTree = "<group>";
		};
		A7A83F3C1CA0BC0A001C1269 /* Sources */ = {
			isa = PBXGroup;
			children = (
				A7A83F3D1CA0BC0A001C1269 /* AppDelegate.swift */,
				A7A83F3E1CA0BC0A001C1269 /* Presentation */,
			);
			path = Sources;
			sourceTree = SOURCE_ROOT;
		};
		A7A83F3E1CA0BC0A001C1269 /* Presentation */ = {
			isa = PBXGroup;
			children = (
				A7A83F3F1CA0BC0A001C1269 /* Interface */,
			);
			path = Presentation;
			sourceTree = "<group>";
		};
		A7A83F3F1CA0BC0A001C1269 /* Interface */ = {
			isa = PBXGroup;
			children = (
				A7A83F401CA0BC0A001C1269 /* Controllers */,
			);
			path = Interface;
			sourceTree = "<group>";
		};
		A7A83F401CA0BC0A001C1269 /* Controllers */ = {
			isa = PBXGroup;
			children = (
				A7A83F411CA0BC0A001C1269 /* ViewController.swift */,
			);
			path = Controllers;
			sourceTree = "<group>";
		};
		A7A83F471CA0BDAC001C1269 /* Class */ = {
			isa = PBXGroup;
			children = (
				A7A83F481CA0BDDA001C1269 /* WASWhatsAppUtil.swift */,
			);
			name = Class;
			sourceTree = "<group>";
		};
/* End PBXGroup section */

/* Begin PBXNativeTarget section */
		A77B67B91CA0B9CE00EEC016 /* SharingWhatsApp */ = {
			isa = PBXNativeTarget;
			buildConfigurationList = A77B67CC1CA0B9CE00EEC016 /* Build configuration list for PBXNativeTarget "SharingWhatsApp" */;
			buildPhases = (
				A77B67B61CA0B9CE00EEC016 /* Sources */,
				A77B67B71CA0B9CE00EEC016 /* Frameworks */,
				A77B67B81CA0B9CE00EEC016 /* Resources */,
			);
			buildRules = (
			);
			dependencies = (
			);
			name = SharingWhatsApp;
			productName = SharingWhatsApp;
			productReference = A77B67BA1CA0B9CE00EEC016 /* SharingWhatsApp.app */;
			productType = "com.apple.product-type.application";
		};
/* End PBXNativeTarget section */

/* Begin PBXProject section */
		A77B67B21CA0B9CE00EEC016 /* Project object */ = {
			isa = PBXProject;
			attributes = {
				LastSwiftUpdateCheck = 0720;
				LastUpgradeCheck = 0720;
				ORGANIZATIONNAME = "Wagner Sales";
				TargetAttributes = {
					A77B67B91CA0B9CE00EEC016 = {
						CreatedOnToolsVersion = 7.2.1;
						DevelopmentTeam = B6M4H2TQY8;
					};
				};
			};
			buildConfigurationList = A77B67B51CA0B9CE00EEC016 /* Build configuration list for PBXProject "SharingWhatsApp" */;
			compatibilityVersion = "Xcode 3.2";
			developmentRegion = English;
			hasScannedForEncodings = 0;
			knownRegions = (
				en,
				Base,
			);
			mainGroup = A77B67B11CA0B9CE00EEC016;
			productRefGroup = A77B67BB1CA0B9CE00EEC016 /* Products */;
			projectDirPath = "";
			projectRoot = "";
			targets = (
				A77B67B91CA0B9CE00EEC016 /* SharingWhatsApp */,
			);
		};
/* End PBXProject section */

/* Begin PBXResourcesBuildPhase section */
		A77B67B81CA0B9CE00EEC016 /* Resources */ = {
			isa = PBXResourcesBuildPhase;
			buildActionMask = 2147483647;
			files = (
				A7A83F3B1CA0BB5F001C1269 /* LaunchScreen.xib in Resources */,
				A7A83F361CA0BAE9001C1269 /* Images.xcassets in Resources */,
				A7A83F311CA0BA99001C1269 /* Main.storyboard in Resources */,
				A773FCA01CA0C07E00831EF9 /* Info.plist in Resources */,
				A7A83F391CA0BAFB001C1269 /* beeps.mp3 in Resources */,
			);
			runOnlyForDeploymentPostprocessing = 0;
		};
/* End PBXResourcesBuildPhase section */

/* Begin PBXSourcesBuildPhase section */
		A77B67B61CA0B9CE00EEC016 /* Sources */ = {
			isa = PBXSourcesBuildPhase;
			buildActionMask = 2147483647;
			files = (
				A7A83F431CA0BC0A001C1269 /* ViewController.swift in Sources */,
				A7A83F491CA0BDDA001C1269 /* WASWhatsAppUtil.swift in Sources */,
				A7A83F421CA0BC0A001C1269 /* AppDelegate.swift in Sources */,
			);
			runOnlyForDeploymentPostprocessing = 0;
		};
/* End PBXSourcesBuildPhase section */

/* Begin XCBuildConfiguration section */
		A77B67CA1CA0B9CE00EEC016 /* Debug */ = {
			isa = XCBuildConfiguration;
			buildSettings = {
				ALWAYS_SEARCH_USER_PATHS = NO;
				CLANG_CXX_LANGUAGE_STANDARD = "gnu++0x";
				CLANG_CXX_LIBRARY = "libc++";
				CLANG_ENABLE_MODULES = YES;
				CLANG_ENABLE_OBJC_ARC = YES;
				CLANG_WARN_BOOL_CONVERSION = YES;
				CLANG_WARN_CONSTANT_CONVERSION = YES;
				CLANG_WARN_DIRECT_OBJC_ISA_USAGE = YES_ERROR;
				CLANG_WARN_EMPTY_BODY = YES;
				CLANG_WARN_ENUM_CONVERSION = YES;
				CLANG_WARN_INT_CONVERSION = YES;
				CLANG_WARN_OBJC_ROOT_CLASS = YES_ERROR;
				CLANG_WARN_UNREACHABLE_CODE = YES;
				CLANG_WARN__DUPLICATE_METHOD_MATCH = YES;
				"CODE_SIGN_IDENTITY[sdk=iphoneos*]" = "iPhone Developer";
				COPY_PHASE_STRIP = NO;
				DEBUG_INFORMATION_FORMAT = dwarf;
				ENABLE_STRICT_OBJC_MSGSEND = YES;
				ENABLE_TESTABILITY = YES;
				GCC_C_LANGUAGE_STANDARD = gnu99;
				GCC_DYNAMIC_NO_PIC = NO;
				GCC_NO_COMMON_BLOCKS = YES;
				GCC_OPTIMIZATION_LEVEL = 0;
				GCC_PREPROCESSOR_DEFINITIONS = (
					"DEBUG=1",
					"$(inherited)",
				);
				GCC_WARN_64_TO_32_BIT_CONVERSION = YES;
				GCC_WARN_ABOUT_RETURN_TYPE = YES_ERROR;
				GCC_WARN_UNDECLARED_SELECTOR = YES;
				GCC_WARN_UNINITIALIZED_AUTOS = YES_AGGRESSIVE;
				GCC_WARN_UNUSED_FUNCTION = YES;
				GCC_WARN_UNUSED_VARIABLE = YES;
				IPHONEOS_DEPLOYMENT_TARGET = 9.2;
				MTL_ENABLE_DEBUG_INFO = YES;
				ONLY_ACTIVE_ARCH = YES;
				SDKROOT = iphoneos;
				SWIFT_OPTIMIZATION_LEVEL = "-Onone";
				TARGETED_DEVICE_FAMILY = "1,2";
			};
			name = Debug;
		};
		A77B67CB1CA0B9CE00EEC016 /* Release */ = {
			isa = XCBuildConfiguration;
			buildSettings = {
				ALWAYS_SEARCH_USER_PATHS = NO;
				CLANG_CXX_LANGUAGE_STANDARD = "gnu++0x";
				CLANG_CXX_LIBRARY = "libc++";
				CLANG_ENABLE_MODULES = YES;
				CLANG_ENABLE_OBJC_ARC = YES;
				CLANG_WARN_BOOL_CONVERSION = YES;
				CLANG_WARN_CONSTANT_CONVERSION = YES;
				CLANG_WARN_DIRECT_OBJC_ISA_USAGE = YES_ERROR;
				CLANG_WARN_EMPTY_BODY = YES;
				CLANG_WARN_ENUM_CONVERSION = YES;
				CLANG_WARN_INT_CONVERSION = YES;
				CLANG_WARN_OBJC_ROOT_CLASS = YES_ERROR;
				CLANG_WARN_UNREACHABLE_CODE = YES;
				CLANG_WARN__DUPLICATE_METHOD_MATCH = YES;
				"CODE_SIGN_IDENTITY[sdk=iphoneos*]" = "iPhone Developer";
				COPY_PHASE_STRIP = NO;
				DEBUG_INFORMATION_FORMAT = "dwarf-with-dsym";
				ENABLE_NS_ASSERTIONS = NO;
				ENABLE_STRICT_OBJC_MSGSEND = YES;
				GCC_C_LANGUAGE_STANDARD = gnu99;
				GCC_NO_COMMON_BLOCKS = YES;
				GCC_WARN_64_TO_32_BIT_CONVERSION = YES;
				GCC_WARN_ABOUT_RETURN_TYPE = YES_ERROR;
				GCC_WARN_UNDECLARED_SELECTOR = YES;
				GCC_WARN_UNINITIALIZED_AUTOS = YES_AGGRESSIVE;
				GCC_WARN_UNUSED_FUNCTION = YES;
				GCC_WARN_UNUSED_VARIABLE = YES;
				IPHONEOS_DEPLOYMENT_TARGET = 9.2;
				MTL_ENABLE_DEBUG_INFO = NO;
				SDKROOT = iphoneos;
				TARGETED_DEVICE_FAMILY = "1,2";
				VALIDATE_PRODUCT = YES;
			};
			name = Release;
		};
		A77B67CD1CA0B9CE00EEC016 /* Debug */ = {
			isa = XCBuildConfiguration;
			buildSettings = {
				ASSETCATALOG_COMPILER_APPICON_NAME = AppIcon;
				CODE_SIGN_IDENTITY = "iPhone Developer";
				"CODE_SIGN_IDENTITY[sdk=iphoneos*]" = "iPhone Developer";
				INFOPLIST_FILE = "$(SRCROOT)/Resources/Supporting Files/Info.plist";
				LD_RUNPATH_SEARCH_PATHS = "$(inherited) @executable_path/Frameworks";
				PRODUCT_BUNDLE_IDENTIFIER = br.com.wagnersales.SharingWhatsApp;
				PRODUCT_NAME = "$(TARGET_NAME)";
				PROVISIONING_PROFILE = "";
			};
			name = Debug;
		};
		A77B67CE1CA0B9CE00EEC016 /* Release */ = {
			isa = XCBuildConfiguration;
			buildSettings = {
				ASSETCATALOG_COMPILER_APPICON_NAME = AppIcon;
				CODE_SIGN_IDENTITY = "iPhone Developer";
				"CODE_SIGN_IDENTITY[sdk=iphoneos*]" = "iPhone Developer";
				INFOPLIST_FILE = "$(SRCROOT)/Resources/Supporting Files/Info.plist";
				LD_RUNPATH_SEARCH_PATHS = "$(inherited) @executable_path/Frameworks";
				PRODUCT_BUNDLE_IDENTIFIER = br.com.wagnersales.SharingWhatsApp;
				PRODUCT_NAME = "$(TARGET_NAME)";
				PROVISIONING_PROFILE = "";
			};
			name = Release;
		};
/* End XCBuildConfiguration section */

/* Begin XCConfigurationList section */
		A77B67B51CA0B9CE00EEC016 /* Build configuration list for PBXProject "SharingWhatsApp" */ = {
			isa = XCConfigurationList;
			buildConfigurations = (
				A77B67CA1CA0B9CE00EEC016 /* Debug */,
				A77B67CB1CA0B9CE00EEC016 /* Release */,
			);
			defaultConfigurationIsVisible = 0;
			defaultConfigurationName = Release;
		};
		A77B67CC1CA0B9CE00EEC016 /* Build configuration list for PBXNativeTarget "SharingWhatsApp" */ = {
			isa = XCConfigurationList;
			buildConfigurations = (
				A77B67CD1CA0B9CE00EEC016 /* Debug */,
				A77B67CE1CA0B9CE00EEC016 /* Release */,
			);
			defaultConfigurationIsVisible = 0;
			defaultConfigurationName = Release;
		};
/* End XCConfigurationList section */
	};
	rootObject = A77B67B21CA0B9CE00EEC016 /* Project object */;
}
